// !$*UTF8*$!
{
	archiveVersion = 1;
	classes = {
	};
	objectVersion = 46;
	objects = {

/* Begin PBXBuildFile section */
		DE81A4021A91632400FA3352 /* AppDelegate.swift in Sources */ = {isa = PBXBuildFile; fileRef = DE81A4011A91632400FA3352 /* AppDelegate.swift */; };
		DE81A4041A91632400FA3352 /* ViewController.swift in Sources */ = {isa = PBXBuildFile; fileRef = DE81A4031A91632400FA3352 /* ViewController.swift */; };
		DE81A4071A91632400FA3352 /* Main.storyboard in Resources */ = {isa = PBXBuildFile; fileRef = DE81A4051A91632400FA3352 /* Main.storyboard */; };
		DE81A4091A91632400FA3352 /* Images.xcassets in Resources */ = {isa = PBXBuildFile; fileRef = DE81A4081A91632400FA3352 /* Images.xcassets */; };
		DE81A40C1A91632400FA3352 /* LaunchScreen.xib in Resources */ = {isa = PBXBuildFile; fileRef = DE81A40A1A91632400FA3352 /* LaunchScreen.xib */; };
		DE81A4181A91632400FA3352 /* BullsEyeGameTests.swift in Sources */ = {isa = PBXBuildFile; fileRef = DE81A4171A91632400FA3352 /* BullsEyeGameTests.swift */; };
/* End PBXBuildFile section */

/* Begin PBXContainerItemProxy section */
		DE81A4121A91632400FA3352 /* PBXContainerItemProxy */ = {
			isa = PBXContainerItemProxy;
			containerPortal = DE81A3F41A91632400FA3352 /* Project object */;
			proxyType = 1;
			remoteGlobalIDString = DE81A3FB1A91632400FA3352;
			remoteInfo = BullsEyeGame;
		};
/* End PBXContainerItemProxy section */

/* Begin PBXFileReference section */
		DE81A3FC1A91632400FA3352 /* BullsEyeGame.app */ = {isa = PBXFileReference; explicitFileType = wrapper.application; includeInIndex = 0; path = BullsEyeGame.app; sourceTree = BUILT_PRODUCTS_DIR; };
		DE81A4001A91632400FA3352 /* Info.plist */ = {isa = PBXFileReference; lastKnownFileType = text.plist.xml; path = Info.plist; sourceTree = "<group>"; };
		DE81A4011A91632400FA3352 /* AppDelegate.swift */ = {isa = PBXFileReference; lastKnownFileType = sourcecode.swift; path = AppDelegate.swift; sourceTree = "<group>"; };
		DE81A4031A91632400FA3352 /* ViewController.swift */ = {isa = PBXFileReference; lastKnownFileType = sourcecode.swift; path = ViewController.swift; sourceTree = "<group>"; };
		DE81A4061A91632400FA3352 /* Base */ = {isa = PBXFileReference; lastKnownFileType = file.storyboard; name = Base; path = Base.lproj/Main.storyboard; sourceTree = "<group>"; };
		DE81A4081A91632400FA3352 /* Images.xcassets */ = {isa = PBXFileReference; lastKnownFileType = folder.assetcatalog; path = Images.xcassets; sourceTree = "<group>"; };
		DE81A40B1A91632400FA3352 /* Base */ = {isa = PBXFileReference; lastKnownFileType = file.xib; name = Base; path = Base.lproj/LaunchScreen.xib; sourceTree = "<group>"; };
		DE81A4111A91632400FA3352 /* BullsEyeGameTests.xctest */ = {isa = PBXFileReference; explicitFileType = wrapper.cfbundle; includeInIndex = 0; path = BullsEyeGameTests.xctest; sourceTree = BUILT_PRODUCTS_DIR; };
		DE81A4161A91632400FA3352 /* Info.plist */ = {isa = PBXFileReference; lastKnownFileType = text.plist.xml; path = Info.plist; sourceTree = "<group>"; };
		DE81A4171A91632400FA3352 /* BullsEyeGameTests.swift */ = {isa = PBXFileReference; lastKnownFileType = sourcecode.swift; path = BullsEyeGameTests.swift; sourceTree = "<group>"; };
/* End PBXFileReference section */

/* Begin PBXFrameworksBuildPhase section */
		DE81A3F91A91632400FA3352 /* Frameworks */ = {
			isa = PBXFrameworksBuildPhase;
			buildActionMask = 2147483647;
			files = (
			);
			runOnlyForDeploymentPostprocessing = 0;
		};
		DE81A40E1A91632400FA3352 /* Frameworks */ = {
			isa = PBXFrameworksBuildPhase;
			buildActionMask = 2147483647;
			files = (
			);
			runOnlyForDeploymentPostprocessing = 0;
		};
/* End PBXFrameworksBuildPhase section */

/* Begin PBXGroup section */
		DE81A3F31A91632400FA3352 = {
			isa = PBXGroup;
			children = (
				DE81A3FE1A91632400FA3352 /* BullsEyeGame */,
				DE81A4141A91632400FA3352 /* BullsEyeGameTests */,
				DE81A3FD1A91632400FA3352 /* Products */,
			);
			sourceTree = "<group>";
		};
		DE81A3FD1A91632400FA3352 /* Products */ = {
			isa = PBXGroup;
			children = (
				DE81A3FC1A91632400FA3352 /* BullsEyeGame.app */,
				DE81A4111A91632400FA3352 /* BullsEyeGameTests.xctest */,
			);
			name = Products;
			sourceTree = "<group>";
		};
		DE81A3FE1A91632400FA3352 /* BullsEyeGame */ = {
			isa = PBXGroup;
			children = (
				DE81A4011A91632400FA3352 /* AppDelegate.swift */,
				DE81A4031A91632400FA3352 /* ViewController.swift */,
				DE81A4051A91632400FA3352 /* Main.storyboard */,
				DE81A4081A91632400FA3352 /* Images.xcassets */,
				DE81A40A1A91632400FA3352 /* LaunchScreen.xib */,
				DE81A3FF1A91632400FA3352 /* Supporting Files */,
			);
			path = BullsEyeGame;
			sourceTree = "<group>";
		};
		DE81A3FF1A91632400FA3352 /* Supporting Files */ = {
			isa = PBXGroup;
			children = (
				DE81A4001A91632400FA3352 /* Info.plist */,
			);
			name = "Supporting Files";
			sourceTree = "<group>";
		};
		DE81A4141A91632400FA3352 /* BullsEyeGameTests */ = {
			isa = PBXGroup;
			children = (
				DE81A4171A91632400FA3352 /* BullsEyeGameTests.swift */,
				DE81A4151A91632400FA3352 /* Supporting Files */,
			);
			path = BullsEyeGameTests;
			sourceTree = "<group>";
		};
		DE81A4151A91632400FA3352 /* Supporting Files */ = {
			isa = PBXGroup;
			children = (
				DE81A4161A91632400FA3352 /* Info.plist */,
			);
			name = "Supporting Files";
			sourceTree = "<group>";
		};
/* End PBXGroup section */

/* Begin PBXNativeTarget section */
		DE81A3FB1A91632400FA3352 /* BullsEyeGame */ = {
			isa = PBXNativeTarget;
			buildConfigurationList = DE81A41B1A91632400FA3352 /* Build configuration list for PBXNativeTarget "BullsEyeGame" */;
			buildPhases = (
				DE81A3F81A91632400FA3352 /* Sources */,
				DE81A3F91A91632400FA3352 /* Frameworks */,
				DE81A3FA1A91632400FA3352 /* Resources */,
			);
			buildRules = (
			);
			dependencies = (
			);
			name = BullsEyeGame;
			productName = BullsEyeGame;
			productReference = DE81A3FC1A91632400FA3352 /* BullsEyeGame.app */;
			productType = "com.apple.product-type.application";
		};
		DE81A4101A91632400FA3352 /* BullsEyeGameTests */ = {
			isa = PBXNativeTarget;
			buildConfigurationList = DE81A41E1A91632400FA3352 /* Build configuration list for PBXNativeTarget "BullsEyeGameTests" */;
			buildPhases = (
				DE81A40D1A91632400FA3352 /* Sources */,
				DE81A40E1A91632400FA3352 /* Frameworks */,
				DE81A40F1A91632400FA3352 /* Resources */,
			);
			buildRules = (
			);
			dependencies = (
				DE81A4131A91632400FA3352 /* PBXTargetDependency */,
			);
			name = BullsEyeGameTests;
			productName = BullsEyeGameTests;
			productReference = DE81A4111A91632400FA3352 /* BullsEyeGameTests.xctest */;
			productType = "com.apple.product-type.bundle.unit-test";
		};
/* End PBXNativeTarget section */

/* Begin PBXProject section */
		DE81A3F41A91632400FA3352 /* Project object */ = {
			isa = PBXProject;
			attributes = {
				LastUpgradeCheck = 0610;
				ORGANIZATIONNAME = "Kevin Doan";
				TargetAttributes = {
					DE81A3FB1A91632400FA3352 = {
						CreatedOnToolsVersion = 6.1.1;
					};
					DE81A4101A91632400FA3352 = {
						CreatedOnToolsVersion = 6.1.1;
						TestTargetID = DE81A3FB1A91632400FA3352;
					};
				};
			};
			buildConfigurationList = DE81A3F71A91632400FA3352 /* Build configuration list for PBXProject "BullsEyeGame" */;
			compatibilityVersion = "Xcode 3.2";
			developmentRegion = English;
			hasScannedForEncodings = 0;
			knownRegions = (
				en,
				Base,
			);
			mainGroup = DE81A3F31A91632400FA3352;
			productRefGroup = DE81A3FD1A91632400FA3352 /* Products */;
			projectDirPath = "";
			projectRoot = "";
			targets = (
				DE81A3FB1A91632400FA3352 /* BullsEyeGame */,
				DE81A4101A91632400FA3352 /* BullsEyeGameTests */,
			);
		};
/* End PBXProject section */

/* Begin PBXResourcesBuildPhase section */
		DE81A3FA1A91632400FA3352 /* Resources */ = {
			isa = PBXResourcesBuildPhase;
			buildActionMask = 2147483647;
			files = (
				DE81A4071A91632400FA3352 /* Main.storyboard in Resources */,
				DE81A40C1A91632400FA3352 /* LaunchScreen.xib in Resources */,
				DE81A4091A91632400FA3352 /* Images.xcassets in Resources */,
			);
			runOnlyForDeploymentPostprocessing = 0;
		};
		DE81A40F1A91632400FA3352 /* Resources */ = {
			isa = PBXResourcesBuildPhase;
			buildActionMask = 2147483647;
			files = (
			);
			runOnlyForDeploymentPostprocessing = 0;
		};
/* End PBXResourcesBuildPhase section */

/* Begin PBXSourcesBuildPhase section */
		DE81A3F81A91632400FA3352 /* Sources */ = {
			isa = PBXSourcesBuildPhase;
			buildActionMask = 2147483647;
			files = (
				DE81A4041A91632400FA3352 /* ViewController.swift in Sources */,
				DE81A4021A91632400FA3352 /* AppDelegate.swift in Sources */,
			);
			runOnlyForDeploymentPostprocessing = 0;
		};
		DE81A40D1A91632400FA3352 /* Sources */ = {
			isa = PBXSourcesBuildPhase;
			buildActionMask = 2147483647;
			files = (
				DE81A4181A91632400FA3352 /* BullsEyeGameTests.swift in Sources */,
			);
			runOnlyForDeploymentPostprocessing = 0;
		};
/* End PBXSourcesBuildPhase section */

/* Begin PBXTargetDependency section */
		DE81A4131A91632400FA3352 /* PBXTargetDependency */ = {
			isa = PBXTargetDependency;
			target = DE81A3FB1A91632400FA3352 /* BullsEyeGame */;
			targetProxy = DE81A4121A91632400FA3352 /* PBXContainerItemProxy */;
		};
/* End PBXTargetDependency section */

/* Begin PBXVariantGroup section */
		DE81A4051A91632400FA3352 /* Main.storyboard */ = {
			isa = PBXVariantGroup;
			children = (
				DE81A4061A91632400FA3352 /* Base */,
			);
			name = Main.storyboard;
			sourceTree = "<group>";
		};
		DE81A40A1A91632400FA3352 /* LaunchScreen.xib */ = {
			isa = PBXVariantGroup;
			children = (
				DE81A40B1A91632400FA3352 /* Base */,
			);
			name = LaunchScreen.xib;
			sourceTree = "<group>";
		};
/* End PBXVariantGroup section */

/* Begin XCBuildConfiguration section */
		DE81A4191A91632400FA3352 /* Debug */ = {
			isa = XCBuildConfiguration;
			buildSettings = {
				ALWAYS_SEARCH_USER_PATHS = NO;
				CLANG_CXX_LANGUAGE_STANDARD = "gnu++0x";
				CLANG_CXX_LIBRARY = "libc++";
				CLANG_ENABLE_MODULES = YES;
				CLANG_ENABLE_OBJC_ARC = YES;
				CLANG_WARN_BOOL_CONVERSION = YES;
				CLANG_WARN_CONSTANT_CONVERSION = YES;
				CLANG_WARN_DIRECT_OBJC_ISA_USAGE = YES_ERROR;
				CLANG_WARN_EMPTY_BODY = YES;
				CLANG_WARN_ENUM_CONVERSION = YES;
				CLANG_WARN_INT_CONVERSION = YES;
				CLANG_WARN_OBJC_ROOT_CLASS = YES_ERROR;
				CLANG_WARN_UNREACHABLE_CODE = YES;
				CLANG_WARN__DUPLICATE_METHOD_MATCH = YES;
				"CODE_SIGN_IDENTITY[sdk=iphoneos*]" = "iPhone Developer";
				COPY_PHASE_STRIP = NO;
				ENABLE_STRICT_OBJC_MSGSEND = YES;
				GCC_C_LANGUAGE_STANDARD = gnu99;
				GCC_DYNAMIC_NO_PIC = NO;
				GCC_OPTIMIZATION_LEVEL = 0;
				GCC_PREPROCESSOR_DEFINITIONS = (
					"DEBUG=1",
					"$(inherited)",
				);
				GCC_SYMBOLS_PRIVATE_EXTERN = NO;
				GCC_WARN_64_TO_32_BIT_CONVERSION = YES;
				GCC_WARN_ABOUT_RETURN_TYPE = YES_ERROR;
				GCC_WARN_UNDECLARED_SELECTOR = YES;
				GCC_WARN_UNINITIALIZED_AUTOS = YES_AGGRESSIVE;
				GCC_WARN_UNUSED_FUNCTION = YES;
				GCC_WARN_UNUSED_VARIABLE = YES;
				IPHONEOS_DEPLOYMENT_TARGET = 8.1;
				MTL_ENABLE_DEBUG_INFO = YES;
				ONLY_ACTIVE_ARCH = YES;
				SDKROOT = iphoneos;
				SWIFT_OPTIMIZATION_LEVEL = "-Onone";
			};
			name = Debug;
		};
		DE81A41A1A91632400FA3352 /* Release */ = {
			isa = XCBuildConfiguration;
			buildSettings = {
				ALWAYS_SEARCH_USER_PATHS = NO;
				CLANG_CXX_LANGUAGE_STANDARD = "gnu++0x";
				CLANG_CXX_LIBRARY = "libc++";
				CLANG_ENABLE_MODULES = YES;
				CLANG_ENABLE_OBJC_ARC = YES;
				CLANG_WARN_BOOL_CONVERSION = YES;
				CLANG_WARN_CONSTANT_CONVERSION = YES;
				CLANG_WARN_DIRECT_OBJC_ISA_USAGE = YES_ERROR;
				CLANG_WARN_EMPTY_BODY = YES;
				CLANG_WARN_ENUM_CONVERSION = YES;
				CLANG_WARN_INT_CONVERSION = YES;
				CLANG_WARN_OBJC_ROOT_CLASS = YES_ERROR;
				CLANG_WARN_UNREACHABLE_CODE = YES;
				CLANG_WARN__DUPLICATE_METHOD_MATCH = YES;
				"CODE_SIGN_IDENTITY[sdk=iphoneos*]" = "iPhone Developer";
				COPY_PHASE_STRIP = YES;
				ENABLE_NS_ASSERTIONS = NO;
				ENABLE_STRICT_OBJC_MSGSEND = YES;
				GCC_C_LANGUAGE_STANDARD = gnu99;
				GCC_WARN_64_TO_32_BIT_CONVERSION = YES;
				GCC_WARN_ABOUT_RETURN_TYPE = YES_ERROR;
				GCC_WARN_UNDECLARED_SELECTOR = YES;
				GCC_WARN_UNINITIALIZED_AUTOS = YES_AGGRESSIVE;
				GCC_WARN_UNUSED_FUNCTION = YES;
				GCC_WARN_UNUSED_VARIABLE = YES;
				IPHONEOS_DEPLOYMENT_TARGET = 8.1;
				MTL_ENABLE_DEBUG_INFO = NO;
				SDKROOT = iphoneos;
				VALIDATE_PRODUCT = YES;
			};
			name = Release;
		};
		DE81A41C1A91632400FA3352 /* Debug */ = {
			isa = XCBuildConfiguration;
			buildSettings = {
				ASSETCATALOG_COMPILER_APPICON_NAME = AppIcon;
				INFOPLIST_FILE = BullsEyeGame/Info.plist;
				LD_RUNPATH_SEARCH_PATHS = "$(inherited) @executable_path/Frameworks";
				PRODUCT_NAME = "$(TARGET_NAME)";
			};
			name = Debug;
		};
		DE81A41D1A91632400FA3352 /* Release */ = {
			isa = XCBuildConfiguration;
			buildSettings = {
				ASSETCATALOG_COMPILER_APPICON_NAME = AppIcon;
				INFOPLIST_FILE = BullsEyeGame/Info.plist;
				LD_RUNPATH_SEARCH_PATHS = "$(inherited) @executable_path/Frameworks";
				PRODUCT_NAME = "$(TARGET_NAME)";
			};
			name = Release;
		};
		DE81A41F1A91632400FA3352 /* Debug */ = {
			isa = XCBuildConfiguration;
			buildSettings = {
				BUNDLE_LOADER = "$(TEST_HOST)";
				FRAMEWORK_SEARCH_PATHS = (
					"$(SDKROOT)/Developer/Library/Frameworks",
					"$(inherited)",
				);
				GCC_PREPROCESSOR_DEFINITIONS = (
					"DEBUG=1",
					"$(inherited)",
				);
				INFOPLIST_FILE = BullsEyeGameTests/Info.plist;
				LD_RUNPATH_SEARCH_PATHS = "$(inherited) @executable_path/Frameworks @loader_path/Frameworks";
				PRODUCT_NAME = "$(TARGET_NAME)";
				TEST_HOST = "$(BUILT_PRODUCTS_DIR)/BullsEyeGame.app/BullsEyeGame";
			};
			name = Debug;
		};
		DE81A4201A91632400FA3352 /* Release */ = {
			isa = XCBuildConfiguration;
			buildSettings = {
				BUNDLE_LOADER = "$(TEST_HOST)";
				FRAMEWORK_SEARCH_PATHS = (
					"$(SDKROOT)/Developer/Library/Frameworks",
					"$(inherited)",
				);
				INFOPLIST_FILE = BullsEyeGameTests/Info.plist;
				LD_RUNPATH_SEARCH_PATHS = "$(inherited) @executable_path/Frameworks @loader_path/Frameworks";
				PRODUCT_NAME = "$(TARGET_NAME)";
				TEST_HOST = "$(BUILT_PRODUCTS_DIR)/BullsEyeGame.app/BullsEyeGame";
			};
			name = Release;
		};
/* End XCBuildConfiguration section */

/* Begin XCConfigurationList section */
		DE81A3F71A91632400FA3352 /* Build configuration list for PBXProject "BullsEyeGame" */ = {
			isa = XCConfigurationList;
			buildConfigurations = (
				DE81A4191A91632400FA3352 /* Debug */,
				DE81A41A1A91632400FA3352 /* Release */,
			);
			defaultConfigurationIsVisible = 0;
			defaultConfigurationName = Release;
		};
		DE81A41B1A91632400FA3352 /* Build configuration list for PBXNativeTarget "BullsEyeGame" */ = {
			isa = XCConfigurationList;
			buildConfigurations = (
				DE81A41C1A91632400FA3352 /* Debug */,
				DE81A41D1A91632400FA3352 /* Release */,
			);
			defaultConfigurationIsVisible = 0;
		};
		DE81A41E1A91632400FA3352 /* Build configuration list for PBXNativeTarget "BullsEyeGameTests" */ = {
			isa = XCConfigurationList;
			buildConfigurations = (
				DE81A41F1A91632400FA3352 /* Debug */,
				DE81A4201A91632400FA3352 /* Release */,
			);
			defaultConfigurationIsVisible = 0;
		};
/* End XCConfigurationList section */
	};
	rootObject = DE81A3F41A91632400FA3352 /* Project object */;
}
